
Microsoft Visual Studio Solution File, Format Version 12.00
# Visual Studio Version 17
VisualStudioVersion = 17.6.33723.286
MinimumVisualStudioVersion = 10.0.40219.1
Project("{FAE04EC0-301F-11D3-BF4B-00C04F79EFBC}") = "UmbracoDemoProject", "UmbracoDemoProject\UmbracoDemoProject.csproj", "{4C75C7C5-C3FF-4071-98F6-5BC475E8B711}"
EndProject
Global
	GlobalSection(SolutionConfigurationPlatforms) = preSolution
		Debug|Any CPU = Debug|Any CPU
		Release|Any CPU = Release|Any CPU
	EndGlobalSection
	GlobalSection(ProjectConfigurationPlatforms) = postSolution
		{4C75C7C5-C3FF-4071-98F6-5BC475E8B711}.Debug|Any CPU.ActiveCfg = Debug|Any CPU
		{4C75C7C5-C3FF-4071-98F6-5BC475E8B711}.Debug|Any CPU.Build.0 = Debug|Any CPU
		{4C75C7C5-C3FF-4071-98F6-5BC475E8B711}.Release|Any CPU.ActiveCfg = Release|Any CPU
		{4C75C7C5-C3FF-4071-98F6-5BC475E8B711}.Release|Any CPU.Build.0 = Release|Any CPU
	EndGlobalSection
	GlobalSection(SolutionProperties) = preSolution
		HideSolutionNode = FALSE
	EndGlobalSection
	GlobalSection(ExtensibilityGlobals) = postSolution
		SolutionGuid = {406990B2-B408-41DE-BF1A-6FAB4C971417}
	EndGlobalSection
EndGlobal
